<?xml version="1.0" encoding="UTF-8"?>
<Project ToolsVersion="15.0" xmlns="http://schemas.microsoft.com/developer/msbuild/2003">
  <ItemGroup>
    <CustomBuild Include="C:\Projects\stlink\build\CMakeFiles\e3626cccee82f75a55ce488ad5d3147c\PACKAGE_force.rule">
      <Filter>CMake Rules</Filter>
    </CustomBuild>
  </ItemGroup>
  <ItemGroup>
    <Filter Include="CMake Rules">
      <UniqueIdentifier>{EA0C5630-E2F3-3418-A976-6063269BDA78}</UniqueIdentifier>
    </Filter>
  </ItemGroup>
</Project>
