Microsoft Visual Studio Solution File, Format Version 12.00
# Visual Studio 15
Project("{8BC9CEB8-8B4A-11D0-8D11-00A0C91BC942}") = "ALL_BUILD", "ALL_BUILD.vcxproj", "{66D1003A-A7FE-3853-BCFD-612416C19F24}"
	ProjectSection(ProjectDependencies) = postProject
		{9459EC42-8803-3C82-8C35-C2698A7CB4BE} = {9459EC42-8803-3C82-8C35-C2698A7CB4BE}
		{B295775B-F494-3622-90BE-11F805C5B7FC} = {B295775B-F494-3622-90BE-11F805C5B7FC}
		{A1D53240-7ED1-38B3-A074-699E3B7F70DE} = {A1D53240-7ED1-38B3-A074-699E3B7F70DE}
		{B2EF894A-527D-3A0F-92B2-9C582043BB14} = {B2EF894A-527D-3A0F-92B2-9C582043BB14}
		{98F3D423-8192-3CE6-8581-D8C09CC28002} = {98F3D423-8192-3CE6-8581-D8C09CC28002}
		{55259D78-765F-30B7-85DE-5B2B5DD45259} = {55259D78-765F-30B7-85DE-5B2B5DD45259}
		{812BB91A-1DC8-3DCF-84E1-55458A78101E} = {812BB91A-1DC8-3DCF-84E1-55458A78101E}
		{BFA65736-A40B-31D1-B766-9B1F6C5F36FD} = {BFA65736-A40B-31D1-B766-9B1F6C5F36FD}
		{8E11D9CC-7D20-32E3-AD77-84A48D057C35} = {8E11D9CC-7D20-32E3-AD77-84A48D057C35}
	EndProjectSection
EndProject
Project("{8BC9CEB8-8B4A-11D0-8D11-00A0C91BC942}") = "INSTALL", "INSTALL.vcxproj", "{59864F26-BAFF-3543-9CDD-790713D60E5D}"
	ProjectSection(ProjectDependencies) = postProject
		{66D1003A-A7FE-3853-BCFD-612416C19F24} = {66D1003A-A7FE-3853-BCFD-612416C19F24}
		{9459EC42-8803-3C82-8C35-C2698A7CB4BE} = {9459EC42-8803-3C82-8C35-C2698A7CB4BE}
	EndProjectSection
EndProject
Project("{8BC9CEB8-8B4A-11D0-8D11-00A0C91BC942}") = "PACKAGE", "PACKAGE.vcxproj", "{FF4A11E7-3482-3B52-B67C-F6C34E822A5A}"
	ProjectSection(ProjectDependencies) = postProject
		{66D1003A-A7FE-3853-BCFD-612416C19F24} = {66D1003A-A7FE-3853-BCFD-612416C19F24}
		{9459EC42-8803-3C82-8C35-C2698A7CB4BE} = {9459EC42-8803-3C82-8C35-C2698A7CB4BE}
	EndProjectSection
EndProject
Project("{8BC9CEB8-8B4A-11D0-8D11-00A0C91BC942}") = "ZERO_CHECK", "ZERO_CHECK.vcxproj", "{9459EC42-8803-3C82-8C35-C2698A7CB4BE}"
	ProjectSection(ProjectDependencies) = postProject
	EndProjectSection
EndProject
Project("{8BC9CEB8-8B4A-11D0-8D11-00A0C91BC942}") = "flash", "tests\flash.vcxproj", "{B295775B-F494-3622-90BE-11F805C5B7FC}"
	ProjectSection(ProjectDependencies) = postProject
		{9459EC42-8803-3C82-8C35-C2698A7CB4BE} = {9459EC42-8803-3C82-8C35-C2698A7CB4BE}
		{BFA65736-A40B-31D1-B766-9B1F6C5F36FD} = {BFA65736-A40B-31D1-B766-9B1F6C5F36FD}
	EndProjectSection
EndProject
Project("{8BC9CEB8-8B4A-11D0-8D11-00A0C91BC942}") = "sg", "tests\sg.vcxproj", "{A1D53240-7ED1-38B3-A074-699E3B7F70DE}"
	ProjectSection(ProjectDependencies) = postProject
		{9459EC42-8803-3C82-8C35-C2698A7CB4BE} = {9459EC42-8803-3C82-8C35-C2698A7CB4BE}
		{BFA65736-A40B-31D1-B766-9B1F6C5F36FD} = {BFA65736-A40B-31D1-B766-9B1F6C5F36FD}
	EndProjectSection
EndProject
Project("{8BC9CEB8-8B4A-11D0-8D11-00A0C91BC942}") = "st-flash", "st-flash.vcxproj", "{B2EF894A-527D-3A0F-92B2-9C582043BB14}"
	ProjectSection(ProjectDependencies) = postProject
		{9459EC42-8803-3C82-8C35-C2698A7CB4BE} = {9459EC42-8803-3C82-8C35-C2698A7CB4BE}
		{BFA65736-A40B-31D1-B766-9B1F6C5F36FD} = {BFA65736-A40B-31D1-B766-9B1F6C5F36FD}
	EndProjectSection
EndProject
Project("{8BC9CEB8-8B4A-11D0-8D11-00A0C91BC942}") = "st-info", "st-info.vcxproj", "{98F3D423-8192-3CE6-8581-D8C09CC28002}"
	ProjectSection(ProjectDependencies) = postProject
		{9459EC42-8803-3C82-8C35-C2698A7CB4BE} = {9459EC42-8803-3C82-8C35-C2698A7CB4BE}
		{BFA65736-A40B-31D1-B766-9B1F6C5F36FD} = {BFA65736-A40B-31D1-B766-9B1F6C5F36FD}
	EndProjectSection
EndProject
Project("{8BC9CEB8-8B4A-11D0-8D11-00A0C91BC942}") = "st-util", "src\gdbserver\st-util.vcxproj", "{55259D78-765F-30B7-85DE-5B2B5DD45259}"
	ProjectSection(ProjectDependencies) = postProject
		{9459EC42-8803-3C82-8C35-C2698A7CB4BE} = {9459EC42-8803-3C82-8C35-C2698A7CB4BE}
		{BFA65736-A40B-31D1-B766-9B1F6C5F36FD} = {BFA65736-A40B-31D1-B766-9B1F6C5F36FD}
	EndProjectSection
EndProject
Project("{8BC9CEB8-8B4A-11D0-8D11-00A0C91BC942}") = "stlink-shared", "stlink-shared.vcxproj", "{812BB91A-1DC8-3DCF-84E1-55458A78101E}"
	ProjectSection(ProjectDependencies) = postProject
		{9459EC42-8803-3C82-8C35-C2698A7CB4BE} = {9459EC42-8803-3C82-8C35-C2698A7CB4BE}
	EndProjectSection
EndProject
Project("{8BC9CEB8-8B4A-11D0-8D11-00A0C91BC942}") = "stlink-static", "stlink-static.vcxproj", "{BFA65736-A40B-31D1-B766-9B1F6C5F36FD}"
	ProjectSection(ProjectDependencies) = postProject
		{9459EC42-8803-3C82-8C35-C2698A7CB4BE} = {9459EC42-8803-3C82-8C35-C2698A7CB4BE}
	EndProjectSection
EndProject
Project("{8BC9CEB8-8B4A-11D0-8D11-00A0C91BC942}") = "usb", "tests\usb.vcxproj", "{8E11D9CC-7D20-32E3-AD77-84A48D057C35}"
	ProjectSection(ProjectDependencies) = postProject
		{9459EC42-8803-3C82-8C35-C2698A7CB4BE} = {9459EC42-8803-3C82-8C35-C2698A7CB4BE}
		{BFA65736-A40B-31D1-B766-9B1F6C5F36FD} = {BFA65736-A40B-31D1-B766-9B1F6C5F36FD}
	EndProjectSection
EndProject
Global
	GlobalSection(SolutionConfigurationPlatforms) = preSolution
		Debug|Win32 = Debug|Win32
		Release|Win32 = Release|Win32
		MinSizeRel|Win32 = MinSizeRel|Win32
		RelWithDebInfo|Win32 = RelWithDebInfo|Win32
	EndGlobalSection
	GlobalSection(ProjectConfigurationPlatforms) = postSolution
		{66D1003A-A7FE-3853-BCFD-612416C19F24}.Debug|Win32.ActiveCfg = Debug|Win32
		{66D1003A-A7FE-3853-BCFD-612416C19F24}.Debug|Win32.Build.0 = Debug|Win32
		{66D1003A-A7FE-3853-BCFD-612416C19F24}.Release|Win32.ActiveCfg = Release|Win32
		{66D1003A-A7FE-3853-BCFD-612416C19F24}.Release|Win32.Build.0 = Release|Win32
		{66D1003A-A7FE-3853-BCFD-612416C19F24}.MinSizeRel|Win32.ActiveCfg = MinSizeRel|Win32
		{66D1003A-A7FE-3853-BCFD-612416C19F24}.MinSizeRel|Win32.Build.0 = MinSizeRel|Win32
		{66D1003A-A7FE-3853-BCFD-612416C19F24}.RelWithDebInfo|Win32.ActiveCfg = RelWithDebInfo|Win32
		{66D1003A-A7FE-3853-BCFD-612416C19F24}.RelWithDebInfo|Win32.Build.0 = RelWithDebInfo|Win32
		{59864F26-BAFF-3543-9CDD-790713D60E5D}.Debug|Win32.ActiveCfg = Debug|Win32
		{59864F26-BAFF-3543-9CDD-790713D60E5D}.Release|Win32.ActiveCfg = Release|Win32
		{59864F26-BAFF-3543-9CDD-790713D60E5D}.MinSizeRel|Win32.ActiveCfg = MinSizeRel|Win32
		{59864F26-BAFF-3543-9CDD-790713D60E5D}.RelWithDebInfo|Win32.ActiveCfg = RelWithDebInfo|Win32
		{FF4A11E7-3482-3B52-B67C-F6C34E822A5A}.Debug|Win32.ActiveCfg = Debug|Win32
		{FF4A11E7-3482-3B52-B67C-F6C34E822A5A}.Release|Win32.ActiveCfg = Release|Win32
		{FF4A11E7-3482-3B52-B67C-F6C34E822A5A}.MinSizeRel|Win32.ActiveCfg = MinSizeRel|Win32
		{FF4A11E7-3482-3B52-B67C-F6C34E822A5A}.RelWithDebInfo|Win32.ActiveCfg = RelWithDebInfo|Win32
		{9459EC42-8803-3C82-8C35-C2698A7CB4BE}.Debug|Win32.ActiveCfg = Debug|Win32
		{9459EC42-8803-3C82-8C35-C2698A7CB4BE}.Debug|Win32.Build.0 = Debug|Win32
		{9459EC42-8803-3C82-8C35-C2698A7CB4BE}.Release|Win32.ActiveCfg = Release|Win32
		{9459EC42-8803-3C82-8C35-C2698A7CB4BE}.Release|Win32.Build.0 = Release|Win32
		{9459EC42-8803-3C82-8C35-C2698A7CB4BE}.MinSizeRel|Win32.ActiveCfg = MinSizeRel|Win32
		{9459EC42-8803-3C82-8C35-C2698A7CB4BE}.MinSizeRel|Win32.Build.0 = MinSizeRel|Win32
		{9459EC42-8803-3C82-8C35-C2698A7CB4BE}.RelWithDebInfo|Win32.ActiveCfg = RelWithDebInfo|Win32
		{9459EC42-8803-3C82-8C35-C2698A7CB4BE}.RelWithDebInfo|Win32.Build.0 = RelWithDebInfo|Win32
		{B295775B-F494-3622-90BE-11F805C5B7FC}.Debug|Win32.ActiveCfg = Debug|Win32
		{B295775B-F494-3622-90BE-11F805C5B7FC}.Debug|Win32.Build.0 = Debug|Win32
		{B295775B-F494-3622-90BE-11F805C5B7FC}.Release|Win32.ActiveCfg = Release|Win32
		{B295775B-F494-3622-90BE-11F805C5B7FC}.Release|Win32.Build.0 = Release|Win32
		{B295775B-F494-3622-90BE-11F805C5B7FC}.MinSizeRel|Win32.ActiveCfg = MinSizeRel|Win32
		{B295775B-F494-3622-90BE-11F805C5B7FC}.MinSizeRel|Win32.Build.0 = MinSizeRel|Win32
		{B295775B-F494-3622-90BE-11F805C5B7FC}.RelWithDebInfo|Win32.ActiveCfg = RelWithDebInfo|Win32
		{B295775B-F494-3622-90BE-11F805C5B7FC}.RelWithDebInfo|Win32.Build.0 = RelWithDebInfo|Win32
		{A1D53240-7ED1-38B3-A074-699E3B7F70DE}.Debug|Win32.ActiveCfg = Debug|Win32
		{A1D53240-7ED1-38B3-A074-699E3B7F70DE}.Debug|Win32.Build.0 = Debug|Win32
		{A1D53240-7ED1-38B3-A074-699E3B7F70DE}.Release|Win32.ActiveCfg = Release|Win32
		{A1D53240-7ED1-38B3-A074-699E3B7F70DE}.Release|Win32.Build.0 = Release|Win32
		{A1D53240-7ED1-38B3-A074-699E3B7F70DE}.MinSizeRel|Win32.ActiveCfg = MinSizeRel|Win32
		{A1D53240-7ED1-38B3-A074-699E3B7F70DE}.MinSizeRel|Win32.Build.0 = MinSizeRel|Win32
		{A1D53240-7ED1-38B3-A074-699E3B7F70DE}.RelWithDebInfo|Win32.ActiveCfg = RelWithDebInfo|Win32
		{A1D53240-7ED1-38B3-A074-699E3B7F70DE}.RelWithDebInfo|Win32.Build.0 = RelWithDebInfo|Win32
		{B2EF894A-527D-3A0F-92B2-9C582043BB14}.Debug|Win32.ActiveCfg = Debug|Win32
		{B2EF894A-527D-3A0F-92B2-9C582043BB14}.Debug|Win32.Build.0 = Debug|Win32
		{B2EF894A-527D-3A0F-92B2-9C582043BB14}.Release|Win32.ActiveCfg = Release|Win32
		{B2EF894A-527D-3A0F-92B2-9C582043BB14}.Release|Win32.Build.0 = Release|Win32
		{B2EF894A-527D-3A0F-92B2-9C582043BB14}.MinSizeRel|Win32.ActiveCfg = MinSizeRel|Win32
		{B2EF894A-527D-3A0F-92B2-9C582043BB14}.MinSizeRel|Win32.Build.0 = MinSizeRel|Win32
		{B2EF894A-527D-3A0F-92B2-9C582043BB14}.RelWithDebInfo|Win32.ActiveCfg = RelWithDebInfo|Win32
		{B2EF894A-527D-3A0F-92B2-9C582043BB14}.RelWithDebInfo|Win32.Build.0 = RelWithDebInfo|Win32
		{98F3D423-8192-3CE6-8581-D8C09CC28002}.Debug|Win32.ActiveCfg = Debug|Win32
		{98F3D423-8192-3CE6-8581-D8C09CC28002}.Debug|Win32.Build.0 = Debug|Win32
		{98F3D423-8192-3CE6-8581-D8C09CC28002}.Release|Win32.ActiveCfg = Release|Win32
		{98F3D423-8192-3CE6-8581-D8C09CC28002}.Release|Win32.Build.0 = Release|Win32
		{98F3D423-8192-3CE6-8581-D8C09CC28002}.MinSizeRel|Win32.ActiveCfg = MinSizeRel|Win32
		{98F3D423-8192-3CE6-8581-D8C09CC28002}.MinSizeRel|Win32.Build.0 = MinSizeRel|Win32
		{98F3D423-8192-3CE6-8581-D8C09CC28002}.RelWithDebInfo|Win32.ActiveCfg = RelWithDebInfo|Win32
		{98F3D423-8192-3CE6-8581-D8C09CC28002}.RelWithDebInfo|Win32.Build.0 = RelWithDebInfo|Win32
		{55259D78-765F-30B7-85DE-5B2B5DD45259}.Debug|Win32.ActiveCfg = Debug|Win32
		{55259D78-765F-30B7-85DE-5B2B5DD45259}.Debug|Win32.Build.0 = Debug|Win32
		{55259D78-765F-30B7-85DE-5B2B5DD45259}.Release|Win32.ActiveCfg = Release|Win32
		{55259D78-765F-30B7-85DE-5B2B5DD45259}.Release|Win32.Build.0 = Release|Win32
		{55259D78-765F-30B7-85DE-5B2B5DD45259}.MinSizeRel|Win32.ActiveCfg = MinSizeRel|Win32
		{55259D78-765F-30B7-85DE-5B2B5DD45259}.MinSizeRel|Win32.Build.0 = MinSizeRel|Win32
		{55259D78-765F-30B7-85DE-5B2B5DD45259}.RelWithDebInfo|Win32.ActiveCfg = RelWithDebInfo|Win32
		{55259D78-765F-30B7-85DE-5B2B5DD45259}.RelWithDebInfo|Win32.Build.0 = RelWithDebInfo|Win32
		{812BB91A-1DC8-3DCF-84E1-55458A78101E}.Debug|Win32.ActiveCfg = Debug|Win32
		{812BB91A-1DC8-3DCF-84E1-55458A78101E}.Debug|Win32.Build.0 = Debug|Win32
		{812BB91A-1DC8-3DCF-84E1-55458A78101E}.Release|Win32.ActiveCfg = Release|Win32
		{812BB91A-1DC8-3DCF-84E1-55458A78101E}.Release|Win32.Build.0 = Release|Win32
		{812BB91A-1DC8-3DCF-84E1-55458A78101E}.MinSizeRel|Win32.ActiveCfg = MinSizeRel|Win32
		{812BB91A-1DC8-3DCF-84E1-55458A78101E}.MinSizeRel|Win32.Build.0 = MinSizeRel|Win32
		{812BB91A-1DC8-3DCF-84E1-55458A78101E}.RelWithDebInfo|Win32.ActiveCfg = RelWithDebInfo|Win32
		{812BB91A-1DC8-3DCF-84E1-55458A78101E}.RelWithDebInfo|Win32.Build.0 = RelWithDebInfo|Win32
		{BFA65736-A40B-31D1-B766-9B1F6C5F36FD}.Debug|Win32.ActiveCfg = Debug|Win32
		{BFA65736-A40B-31D1-B766-9B1F6C5F36FD}.Debug|Win32.Build.0 = Debug|Win32
		{BFA65736-A40B-31D1-B766-9B1F6C5F36FD}.Release|Win32.ActiveCfg = Release|Win32
		{BFA65736-A40B-31D1-B766-9B1F6C5F36FD}.Release|Win32.Build.0 = Release|Win32
		{BFA65736-A40B-31D1-B766-9B1F6C5F36FD}.MinSizeRel|Win32.ActiveCfg = MinSizeRel|Win32
		{BFA65736-A40B-31D1-B766-9B1F6C5F36FD}.MinSizeRel|Win32.Build.0 = MinSizeRel|Win32
		{BFA65736-A40B-31D1-B766-9B1F6C5F36FD}.RelWithDebInfo|Win32.ActiveCfg = RelWithDebInfo|Win32
		{BFA65736-A40B-31D1-B766-9B1F6C5F36FD}.RelWithDebInfo|Win32.Build.0 = RelWithDebInfo|Win32
		{8E11D9CC-7D20-32E3-AD77-84A48D057C35}.Debug|Win32.ActiveCfg = Debug|Win32
		{8E11D9CC-7D20-32E3-AD77-84A48D057C35}.Debug|Win32.Build.0 = Debug|Win32
		{8E11D9CC-7D20-32E3-AD77-84A48D057C35}.Release|Win32.ActiveCfg = Release|Win32
		{8E11D9CC-7D20-32E3-AD77-84A48D057C35}.Release|Win32.Build.0 = Release|Win32
		{8E11D9CC-7D20-32E3-AD77-84A48D057C35}.MinSizeRel|Win32.ActiveCfg = MinSizeRel|Win32
		{8E11D9CC-7D20-32E3-AD77-84A48D057C35}.MinSizeRel|Win32.Build.0 = MinSizeRel|Win32
		{8E11D9CC-7D20-32E3-AD77-84A48D057C35}.RelWithDebInfo|Win32.ActiveCfg = RelWithDebInfo|Win32
		{8E11D9CC-7D20-32E3-AD77-84A48D057C35}.RelWithDebInfo|Win32.Build.0 = RelWithDebInfo|Win32
	EndGlobalSection
	GlobalSection(ExtensibilityGlobals) = postSolution
	EndGlobalSection
	GlobalSection(ExtensibilityAddIns) = postSolution
	EndGlobalSection
EndGlobal
