<?xml version="1.0" encoding="UTF-8"?>
<Project ToolsVersion="15.0" xmlns="http://schemas.microsoft.com/developer/msbuild/2003">
  <ItemGroup>
    <ClCompile Include="C:\Projects\stlink\src\chipid.c">
      <Filter>Source Files</Filter>
    </ClCompile>
    <ClCompile Include="C:\Projects\stlink\src\common.c">
      <Filter>Source Files</Filter>
    </ClCompile>
    <ClCompile Include="C:\Projects\stlink\src\usb.c">
      <Filter>Source Files</Filter>
    </ClCompile>
    <ClCompile Include="C:\Projects\stlink\src\sg.c">
      <Filter>Source Files</Filter>
    </ClCompile>
    <ClCompile Include="C:\Projects\stlink\src\logging.c">
      <Filter>Source Files</Filter>
    </ClCompile>
    <ClCompile Include="C:\Projects\stlink\src\flash_loader.c">
      <Filter>Source Files</Filter>
    </ClCompile>
    <ClCompile Include="C:\Projects\stlink\src\mmap.c">
      <Filter>Source Files</Filter>
    </ClCompile>
    <ClCompile Include="C:\Projects\stlink\src\mingw\mingw.c">
      <Filter>Source Files</Filter>
    </ClCompile>
  </ItemGroup>
  <ItemGroup>
    <ClInclude Include="C:\Projects\stlink\include\stlink.h">
      <Filter>Header Files</Filter>
    </ClInclude>
    <ClInclude Include="C:\Projects\stlink\include\stlink\usb.h">
      <Filter>Header Files</Filter>
    </ClInclude>
    <ClInclude Include="C:\Projects\stlink\include\stlink\sg.h">
      <Filter>Header Files</Filter>
    </ClInclude>
    <ClInclude Include="C:\Projects\stlink\include\stlink\logging.h">
      <Filter>Header Files</Filter>
    </ClInclude>
    <ClInclude Include="C:\Projects\stlink\include\stlink\mmap.h">
      <Filter>Header Files</Filter>
    </ClInclude>
    <ClInclude Include="C:\Projects\stlink\include\stlink\chipid.h">
      <Filter>Header Files</Filter>
    </ClInclude>
    <ClInclude Include="C:\Projects\stlink\include\stlink\flash_loader.h">
      <Filter>Header Files</Filter>
    </ClInclude>
  </ItemGroup>
  <ItemGroup>
    <CustomBuild Include="C:\Projects\stlink\CMakeLists.txt" />
  </ItemGroup>
  <ItemGroup>
    <Filter Include="Source Files">
      <UniqueIdentifier>{3A001877-8BD6-393B-8EE3-B428E0DEEA65}</UniqueIdentifier>
    </Filter>
    <Filter Include="Header Files">
      <UniqueIdentifier>{7CC0465C-FCC3-3C47-A3D5-7C03EF64FCB6}</UniqueIdentifier>
    </Filter>
  </ItemGroup>
</Project>
